
Microsoft Visual Studio Solution File, Format Version 12.00
# Visual Studio Version 17
VisualStudioVersion = 17.13.35931.197 d17.13
MinimumVisualStudioVersion = 10.0.40219.1
Project("{FAE04EC0-301F-11D3-BF4B-00C04F79EFBC}") = "PRYFINAL", "PRYFINAL.csproj", "{3F34C75B-B38D-4A90-A200-05675966022D}"
EndProject
Global
	GlobalSection(SolutionConfigurationPlatforms) = preSolution
		Debug|Any CPU = Debug|Any CPU
		Release|Any CPU = Release|Any CPU
	EndGlobalSection
	GlobalSection(ProjectConfigurationPlatforms) = postSolution
		{3F34C75B-B38D-4A90-A200-05675966022D}.Debug|Any CPU.ActiveCfg = Debug|Any CPU
		{3F34C75B-B38D-4A90-A200-05675966022D}.Debug|Any CPU.Build.0 = Debug|Any CPU
		{3F34C75B-B38D-4A90-A200-05675966022D}.Release|Any CPU.ActiveCfg = Release|Any CPU
		{3F34C75B-B38D-4A90-A200-05675966022D}.Release|Any CPU.Build.0 = Release|Any CPU
	EndGlobalSection
	GlobalSection(SolutionProperties) = preSolution
		HideSolutionNode = FALSE
	EndGlobalSection
	GlobalSection(ExtensibilityGlobals) = postSolution
		SolutionGuid = {F31B8E54-2B12-452E-B07C-D9BB366AC2F8}
	EndGlobalSection
EndGlobal
