
Microsoft Visual Studio Solution File, Format Version 12.00
# Visual Studio Version 17
VisualStudioVersion = 17.13.35931.197 d17.13
MinimumVisualStudioVersion = 10.0.40219.1
Project("{FAE04EC0-301F-11D3-BF4B-00C04F79EFBC}") = "Proyecto final", "Proyecto final.csproj", "{0A4CEF17-4FAA-4811-9167-E9CC52E2EFD3}"
EndProject
Global
	GlobalSection(SolutionConfigurationPlatforms) = preSolution
		Debug|Any CPU = Debug|Any CPU
		Release|Any CPU = Release|Any CPU
	EndGlobalSection
	GlobalSection(ProjectConfigurationPlatforms) = postSolution
		{0A4CEF17-4FAA-4811-9167-E9CC52E2EFD3}.Debug|Any CPU.ActiveCfg = Debug|Any CPU
		{0A4CEF17-4FAA-4811-9167-E9CC52E2EFD3}.Debug|Any CPU.Build.0 = Debug|Any CPU
		{0A4CEF17-4FAA-4811-9167-E9CC52E2EFD3}.Release|Any CPU.ActiveCfg = Release|Any CPU
		{0A4CEF17-4FAA-4811-9167-E9CC52E2EFD3}.Release|Any CPU.Build.0 = Release|Any CPU
	EndGlobalSection
	GlobalSection(SolutionProperties) = preSolution
		HideSolutionNode = FALSE
	EndGlobalSection
	GlobalSection(ExtensibilityGlobals) = postSolution
		SolutionGuid = {479AFC68-0894-4B3D-8F84-B56343D1F443}
	EndGlobalSection
EndGlobal
